
Microsoft Visual Studio Solution File, Format Version 12.00
# Visual Studio Version 17
VisualStudioVersion = 17.8.34511.84
MinimumVisualStudioVersion = 10.0.40219.1
Project("{8BC9CEB8-8B4A-11D0-8D11-00A0C91BC942}") = "MSFS Flight Assistant", "MSFS Flight Assistant\MSFS Flight Assistant.vcxproj", "{C4D48C3E-A122-4598-8E06-117E1572751D}"
EndProject
Project("{8BC9CEB8-8B4A-11D0-8D11-00A0C91BC942}") = "MSFS Program", "MSFS Program\MSFS Program.vcxproj", "{946C577E-17C4-4CEC-96F1-30749341032D}"
EndProject
Project("{8BC9CEB8-8B4A-11D0-8D11-00A0C91BC942}") = "MSFS Support Server", "MSFS Support Server\MSFS Support Server.vcxproj", "{B9352BDD-6AFE-4F4A-94C1-49B5FED705B3}"
EndProject
Global
	GlobalSection(SolutionConfigurationPlatforms) = preSolution
		Debug|x64 = Debug|x64
		Debug|x86 = Debug|x86
		Release|x64 = Release|x64
		Release|x86 = Release|x86
	EndGlobalSection
	GlobalSection(ProjectConfigurationPlatforms) = postSolution
		{C4D48C3E-A122-4598-8E06-117E1572751D}.Debug|x64.ActiveCfg = Debug|x64
		{C4D48C3E-A122-4598-8E06-117E1572751D}.Debug|x64.Build.0 = Debug|x64
		{C4D48C3E-A122-4598-8E06-117E1572751D}.Debug|x86.ActiveCfg = Debug|Win32
		{C4D48C3E-A122-4598-8E06-117E1572751D}.Debug|x86.Build.0 = Debug|Win32
		{C4D48C3E-A122-4598-8E06-117E1572751D}.Release|x64.ActiveCfg = Release|x64
		{C4D48C3E-A122-4598-8E06-117E1572751D}.Release|x64.Build.0 = Release|x64
		{C4D48C3E-A122-4598-8E06-117E1572751D}.Release|x86.ActiveCfg = Release|Win32
		{C4D48C3E-A122-4598-8E06-117E1572751D}.Release|x86.Build.0 = Release|Win32
		{946C577E-17C4-4CEC-96F1-30749341032D}.Debug|x64.ActiveCfg = Debug|x64
		{946C577E-17C4-4CEC-96F1-30749341032D}.Debug|x64.Build.0 = Debug|x64
		{946C577E-17C4-4CEC-96F1-30749341032D}.Debug|x86.ActiveCfg = Debug|Win32
		{946C577E-17C4-4CEC-96F1-30749341032D}.Debug|x86.Build.0 = Debug|Win32
		{946C577E-17C4-4CEC-96F1-30749341032D}.Release|x64.ActiveCfg = Release|x64
		{946C577E-17C4-4CEC-96F1-30749341032D}.Release|x64.Build.0 = Release|x64
		{946C577E-17C4-4CEC-96F1-30749341032D}.Release|x86.ActiveCfg = Release|Win32
		{946C577E-17C4-4CEC-96F1-30749341032D}.Release|x86.Build.0 = Release|Win32
		{B9352BDD-6AFE-4F4A-94C1-49B5FED705B3}.Debug|x64.ActiveCfg = Debug|x64
		{B9352BDD-6AFE-4F4A-94C1-49B5FED705B3}.Debug|x64.Build.0 = Debug|x64
		{B9352BDD-6AFE-4F4A-94C1-49B5FED705B3}.Debug|x86.ActiveCfg = Debug|Win32
		{B9352BDD-6AFE-4F4A-94C1-49B5FED705B3}.Debug|x86.Build.0 = Debug|Win32
		{B9352BDD-6AFE-4F4A-94C1-49B5FED705B3}.Release|x64.ActiveCfg = Release|x64
		{B9352BDD-6AFE-4F4A-94C1-49B5FED705B3}.Release|x64.Build.0 = Release|x64
		{B9352BDD-6AFE-4F4A-94C1-49B5FED705B3}.Release|x86.ActiveCfg = Release|Win32
		{B9352BDD-6AFE-4F4A-94C1-49B5FED705B3}.Release|x86.Build.0 = Release|Win32
	EndGlobalSection
	GlobalSection(SolutionProperties) = preSolution
		HideSolutionNode = FALSE
	EndGlobalSection
	GlobalSection(ExtensibilityGlobals) = postSolution
		SolutionGuid = {4D28FA66-6278-4704-ADF6-3CB8A726260E}
	EndGlobalSection
EndGlobal
